{
    "_readme": [
        "This file locks the dependencies of your project to a known state",
        "Read more about it at https://getcomposer.org/doc/01-basic-usage.md#composer-lock-the-lock-file",
        "This file is @generated automatically"
    ],
    "content-hash": "4b7dba85d4742842ee909cb72b5ed33d",
    "packages": [
        {
            "name": "zenodorus/arrays",
            "version": "1.2.1",
            "source": {
                "type": "git",
                "url": "https://github.com/zenodorus-tools/arrays.git",
                "reference": "821bdbd8f3d0a8bbef7ae1d75c4d0219f7dd30b9"
            },
            "dist": {
                "type": "zip",
                "url": "https://api.github.com/repos/zenodorus-tools/arrays/zipball/821bdbd8f3d0a8bbef7ae1d75c4d0219f7dd30b9",
                "reference": "821bdbd8f3d0a8bbef7ae1d75c4d0219f7dd30b9",
                "shasum": ""
            },
            "require": {
                "php": ">=7.1"
            },
            "require-dev": {
                "phpunit/phpunit": "^6.4",
                "squizlabs/php_codesniffer": "^3.1",
                "zenodorus/core": "dev-master"
            },
            "type": "library",
            "autoload": {
                "psr-4": {
                    "Zenodorus\\": "src"
                }
            },
            "notification-url": "https://packagist.org/downloads/",
            "license": [
                "MIT"
            ],
            "authors": [
                {
                    "name": "Ben Martinez-Bateman",
                    "email": "ben@alwaysblank.org",
                    "homepage": "https://alwaysblank.org"
                }
            ],
            "description": "Tools for messing with arrays.",
            "homepage": "https://zenodor.us",
            "time": "2018-07-02T22:22:12+00:00"
        },
        {
            "name": "zenodorus/strings",
            "version": "1.0.1",
            "source": {
                "type": "git",
                "url": "https://github.com/zenodorus-tools/strings.git",
                "reference": "5c98702ed2e3078169a3f2d4f12500cf630e5e6b"
            },
            "dist": {
                "type": "zip",
                "url": "https://api.github.com/repos/zenodorus-tools/strings/zipball/5c98702ed2e3078169a3f2d4f12500cf630e5e6b",
                "reference": "5c98702ed2e3078169a3f2d4f12500cf630e5e6b",
                "shasum": ""
            },
            "require": {
                "php": ">=7.1"
            },
            "require-dev": {
                "phpunit/phpunit": "^6.4",
                "squizlabs/php_codesniffer": "^3.1",
                "zenodorus/core": "dev-master"
            },
            "type": "library",
            "autoload": {
                "psr-4": {
                    "Zenodorus\\": "src"
                }
            },
            "notification-url": "https://packagist.org/downloads/",
            "license": [
                "MIT"
            ],
            "authors": [
                {
                    "name": "Ben Martinez-Bateman",
                    "email": "ben@alwaysblank.org",
                    "homepage": "https://alwaysblank.org"
                }
            ],
            "description": "Tools for messing with strings.",
            "homepage": "https://zenodor.us",
            "time": "2018-07-02T22:16:36+00:00"
        }
    ],
    "packages-dev": [],
    "aliases": [],
    "minimum-stability": "stable",
    "stability-flags": [],
    "prefer-stable": false,
    "prefer-lowest": false,
    "platform": {
        "php": "^7.1"
    },
    "platform-dev": []
}
